{
  "name": "youth-like-fruits",
  "lockfileVersion": 3,
  "requires": true,
  "packages": {
    "": {
      "dependencies": {
        "@fontsource/roboto": "^5.0.13"
      }
    },
    "node_modules/@fontsource/roboto": {
      "version": "5.0.13",
      "resolved": "https://registry.npmjs.org/@fontsource/roboto/-/roboto-5.0.13.tgz",
      "integrity": "sha512-j61DHjsdUCKMXSdNLTOxcG701FWnF0jcqNNQi2iPCDxU8seN/sMxeh62dC++UiagCWq9ghTypX+Pcy7kX+QOeQ=="
    }
  }
}
